# This file is automatically @generated by Cargo.
# It is not intended for manual editing.
version = 3

[[package]]
name = "abibool"
version = "0.5.3"
source = "registry+https://github.com/rust-lang/crates.io-index"
checksum = "0bd30f59e066010fda3421085177545205e1fd063de54700e9c7a6ceffad2e5e"

[[package]]
name = "abistr"
version = "0.0.0-git"
source = "git+https://github.com/MaulingMonkey/abistr?rev=a9a9a67cb1563719aaea6863b958ef9ed0cce544#a9a9a67cb1563719aaea6863b958ef9ed0cce544"
dependencies = [
 "abistr-macros 0.0.0-git",
 "bytemuck",
 "widestring",
]

[[package]]
name = "abistr"
version = "0.2.0-rc3"
source = "registry+https://github.com/rust-lang/crates.io-index"
checksum = "e7de73941ad2564b82f4ac974b9df97f7033adf8773074cbb24cb1d358519f52"
dependencies = [
 "abistr-macros 0.2.0-rc3",
 "widestring",
]

[[package]]
name = "abistr-macros"
version = "0.0.0-git"
source = "git+https://github.com/MaulingMonkey/abistr?rev=a9a9a67cb1563719aaea6863b958ef9ed0cce544#a9a9a67cb1563719aaea6863b958ef9ed0cce544"

[[package]]
name = "abistr-macros"
version = "0.2.0-rc3"
source = "registry+https://github.com/rust-lang/crates.io-index"
checksum = "8aeb952f369a5255b28bd4d57984d84edc2d3b5ee72c93427b47b703e1df8e15"

[[package]]
name = "bytemuck"
version = "1.19.0"
source = "registry+https://github.com/rust-lang/crates.io-index"
checksum = "8334215b81e418a0a7bdb8ef0849474f40bb10c8b71f1c4ed315cff49f32494d"
dependencies = [
 "bytemuck_derive",
]

[[package]]
name = "bytemuck_derive"
version = "1.8.0"
source = "registry+https://github.com/rust-lang/crates.io-index"
checksum = "bcfcc3cd946cb52f0bbfdbbcfa2f4e24f75ebb6c0e1002f7c25904fada18b9ec"
dependencies = [
 "proc-macro2",
 "quote",
 "syn",
]

[[package]]
name = "firehazard"
version = "0.0.0-2022-09-10"
source = "registry+https://github.com/rust-lang/crates.io-index"
checksum = "a01f8c1e1290ea4badd56d72f940f177674ed0bbd4cecaa9e23a6af2da3aceb0"
dependencies = [
 "abibool",
 "abistr 0.2.0-rc3",
 "bytemuck",
 "winapi",
]

[[package]]
name = "hwnd0"
version = "0.0.0-2024-01-10"
source = "registry+https://github.com/rust-lang/crates.io-index"
checksum = "eae7ccf4303877cc20c59632a87b15fa90b34d81057e34d84d2e7a1202a631eb"
dependencies = [
 "bytemuck",
 "winapi",
]

[[package]]
name = "maulingmonkey-win32-safety-experiments"
version = "0.0.0-git"
dependencies = [
 "abistr 0.0.0-git",
 "bytemuck",
 "firehazard",
 "hwnd0",
 "winapi",
 "winresult",
]

[[package]]
name = "proc-macro2"
version = "1.0.88"
source = "registry+https://github.com/rust-lang/crates.io-index"
checksum = "7c3a7fc5db1e57d5a779a352c8cdb57b29aa4c40cc69c3a68a7fedc815fbf2f9"
dependencies = [
 "unicode-ident",
]

[[package]]
name = "quote"
version = "1.0.37"
source = "registry+https://github.com/rust-lang/crates.io-index"
checksum = "b5b9d34b8991d19d98081b46eacdd8eb58c6f2b201139f7c5f643cc155a633af"
dependencies = [
 "proc-macro2",
]

[[package]]
name = "syn"
version = "2.0.82"
source = "registry+https://github.com/rust-lang/crates.io-index"
checksum = "83540f837a8afc019423a8edb95b52a8effe46957ee402287f4292fae35be021"
dependencies = [
 "proc-macro2",
 "quote",
 "unicode-ident",
]

[[package]]
name = "unicode-ident"
version = "1.0.13"
source = "registry+https://github.com/rust-lang/crates.io-index"
checksum = "e91b56cd4cadaeb79bbf1a5645f6b4f8dc5bde8834ad5894a8db35fda9efa1fe"

[[package]]
name = "widestring"
version = "1.1.0"
source = "registry+https://github.com/rust-lang/crates.io-index"
checksum = "7219d36b6eac893fa81e84ebe06485e7dcbb616177469b142df14f1f4deb1311"

[[package]]
name = "winapi"
version = "0.3.9"
source = "registry+https://github.com/rust-lang/crates.io-index"
checksum = "5c839a674fcd7a98952e593242ea400abe93992746761e38641405d28b00f419"
dependencies = [
 "winapi-i686-pc-windows-gnu",
 "winapi-x86_64-pc-windows-gnu",
]

[[package]]
name = "winapi-i686-pc-windows-gnu"
version = "0.4.0"
source = "registry+https://github.com/rust-lang/crates.io-index"
checksum = "ac3b87c63620426dd9b991e5ce0329eff545bccbbb34f3be09ff6fb6ab51b7b6"

[[package]]
name = "winapi-x86_64-pc-windows-gnu"
version = "0.4.0"
source = "registry+https://github.com/rust-lang/crates.io-index"
checksum = "712e227841d057c1ee1cd2fb22fa7e5a5461ae8e48fa2ca79ec42cfc1931183f"

[[package]]
name = "winresult"
version = "0.1.3"
source = "registry+https://github.com/rust-lang/crates.io-index"
checksum = "1fe1d4015321f3df114e73ccc695d62c1566b33b0a2d03d553b7dd65dc11f58d"
dependencies = [
 "winresult-types",
]

[[package]]
name = "winresult-types"
version = "0.1.3"
source = "registry+https://github.com/rust-lang/crates.io-index"
checksum = "c7314fd4ed99b7cc41081400f5d072919967e7382d358bc9e7d72bdd1955e1e8"
dependencies = [
 "bytemuck",
]
